PODS:
  - AFNetworking (3.1.0):
    - AFNetworking/NSURLSession (= 3.1.0)
    - AFNetworking/Reachability (= 3.1.0)
    - AFNetworking/Security (= 3.1.0)
    - AFNetworking/Serialization (= 3.1.0)
    - AFNetworking/UIKit (= 3.1.0)
  - AFNetworking/NSURLSession (3.1.0):
    - AFNetworking/Reachability
    - AFNetworking/Security
    - AFNetworking/Serialization
  - AFNetworking/Reachability (3.1.0)
  - AFNetworking/Security (3.1.0)
  - AFNetworking/Serialization (3.1.0)
  - AFNetworking/UIKit (3.1.0):
    - AFNetworking/NSURLSession
  - GoogleMaps (2.3.1):
    - GoogleMaps/Maps (= 2.3.1)
  - GoogleMaps/Base (2.3.1)
  - GoogleMaps/Maps (2.3.1):
    - GoogleMaps/Base
  - GooglePlaces (2.3.1):
    - GoogleMaps/Base (= 2.3.1)
  - NewRelicAgent (5.9.0)
  - PubNub (4.6.1):
    - PubNub/Core (= 4.6.1)
  - PubNub/Core (4.6.1)
  - SAMKeychain (1.5.2)

DEPENDENCIES:
  - AFNetworking (~> 3.0)
  - GoogleMaps
  - GooglePlaces
  - NewRelicAgent (= 5.9.0)
  - PubNub (~> 4)
  - SAMKeychain

SPEC CHECKSUMS:
  AFNetworking: 5e0e199f73d8626b11e79750991f5d173d1f8b67
  GoogleMaps: c66a71058b9b1294bcdd5463a68e357fa50c079f
  GooglePlaces: 4a7b22debfa1af65017b82943431822607e45201
  NewRelicAgent: aa2fd08f9c4836282fe336993c8a7876251e5e91
  PubNub: 408ba6402a9c712418da738adda12ccc339cbb1e
  SAMKeychain: 1865333198217411f35327e8da61b43de79b635b

PODFILE CHECKSUM: 07656a4cc9bdec08620a2e785903d3bbf24287b9

COCOAPODS: 1.2.1
